
Microsoft Visual Studio Solution File, Format Version 12.00
# Visual Studio 15
VisualStudioVersion = 15.0.28010.2003
MinimumVisualStudioVersion = 10.0.40219.1
Project("{FAE04EC0-301F-11D3-BF4B-00C04F79EFBC}") = "FinalCalulator", "FinalCalulator\FinalCalulator.csproj", "{A05CB081-3F2F-4A76-8BA1-C499A398B0B8}"
EndProject
Global
	GlobalSection(SolutionConfigurationPlatforms) = preSolution
		Debug|Any CPU = Debug|Any CPU
		Release|Any CPU = Release|Any CPU
	EndGlobalSection
	GlobalSection(ProjectConfigurationPlatforms) = postSolution
		{A05CB081-3F2F-4A76-8BA1-C499A398B0B8}.Debug|Any CPU.ActiveCfg = Debug|Any CPU
		{A05CB081-3F2F-4A76-8BA1-C499A398B0B8}.Debug|Any CPU.Build.0 = Debug|Any CPU
		{A05CB081-3F2F-4A76-8BA1-C499A398B0B8}.Release|Any CPU.ActiveCfg = Release|Any CPU
		{A05CB081-3F2F-4A76-8BA1-C499A398B0B8}.Release|Any CPU.Build.0 = Release|Any CPU
	EndGlobalSection
	GlobalSection(SolutionProperties) = preSolution
		HideSolutionNode = FALSE
	EndGlobalSection
	GlobalSection(ExtensibilityGlobals) = postSolution
		SolutionGuid = {EAFECA25-AED1-441C-B4C6-BF8346AC38B5}
	EndGlobalSection
EndGlobal
